
Microsoft Visual Studio Solution File, Format Version 12.00
# Visual Studio 15
VisualStudioVersion = 15.0.28010.2003
MinimumVisualStudioVersion = 10.0.40219.1
Project("{8BC9CEB8-8B4A-11D0-8D11-00A0C91BC942}") = "Bomberman", "Bomberman\Bomberman.vcxproj", "{64F7C250-05F4-4827-8AA8-57AF09C98DD5}"
EndProject
Global
	GlobalSection(SolutionConfigurationPlatforms) = preSolution
		Debug|x64 = Debug|x64
		Debug|x86 = Debug|x86
		Release|x64 = Release|x64
		Release|x86 = Release|x86
	EndGlobalSection
	GlobalSection(ProjectConfigurationPlatforms) = postSolution
		{64F7C250-05F4-4827-8AA8-57AF09C98DD5}.Debug|x64.ActiveCfg = Debug|x64
		{64F7C250-05F4-4827-8AA8-57AF09C98DD5}.Debug|x64.Build.0 = Debug|x64
		{64F7C250-05F4-4827-8AA8-57AF09C98DD5}.Debug|x86.ActiveCfg = Debug|Win32
		{64F7C250-05F4-4827-8AA8-57AF09C98DD5}.Debug|x86.Build.0 = Debug|Win32
		{64F7C250-05F4-4827-8AA8-57AF09C98DD5}.Release|x64.ActiveCfg = Release|x64
		{64F7C250-05F4-4827-8AA8-57AF09C98DD5}.Release|x64.Build.0 = Release|x64
		{64F7C250-05F4-4827-8AA8-57AF09C98DD5}.Release|x86.ActiveCfg = Release|Win32
		{64F7C250-05F4-4827-8AA8-57AF09C98DD5}.Release|x86.Build.0 = Release|Win32
	EndGlobalSection
	GlobalSection(SolutionProperties) = preSolution
		HideSolutionNode = FALSE
	EndGlobalSection
	GlobalSection(ExtensibilityGlobals) = postSolution
		SolutionGuid = {591D0161-34F7-4C85-8AEF-3E62F147F8F9}
	EndGlobalSection
EndGlobal
